Microsoft Visual Studio Solution File, Format Version 12.00
# Visual Studio Version 17
VisualStudioVersion = 17.5.2.0
MinimumVisualStudioVersion = 10.0.40219.1
Project("{FAE04EC0-301F-11D3-BF4B-00C04F79EFBC}") = "backendrestaurante", "backendrestaurante.csproj", "{9F3DE305-D48D-6091-062B-77E7BAF69805}"
EndProject
Global
	GlobalSection(SolutionConfigurationPlatforms) = preSolution
		Debug|Any CPU = Debug|Any CPU
		Release|Any CPU = Release|Any CPU
	EndGlobalSection
	GlobalSection(ProjectConfigurationPlatforms) = postSolution
		{9F3DE305-D48D-6091-062B-77E7BAF69805}.Debug|Any CPU.ActiveCfg = Debug|Any CPU
		{9F3DE305-D48D-6091-062B-77E7BAF69805}.Debug|Any CPU.Build.0 = Debug|Any CPU
		{9F3DE305-D48D-6091-062B-77E7BAF69805}.Release|Any CPU.ActiveCfg = Release|Any CPU
		{9F3DE305-D48D-6091-062B-77E7BAF69805}.Release|Any CPU.Build.0 = Release|Any CPU
	EndGlobalSection
	GlobalSection(SolutionProperties) = preSolution
		HideSolutionNode = FALSE
	EndGlobalSection
	GlobalSection(ExtensibilityGlobals) = postSolution
		SolutionGuid = {84828451-313D-4AF3-B8E5-57E24FFA201A}
	EndGlobalSection
EndGlobal
